<?xml version="1.0" encoding="utf-8"?>
<Project ToolsVersion="4.0" xmlns="http://schemas.microsoft.com/developer/msbuild/2003">
  <ItemGroup>
    <Filter Include="Source Files">
      <UniqueIdentifier>{4FC737F1-C7A5-4376-A066-2A32D752A2FF}</UniqueIdentifier>
      <Extensions>cpp;c;cc;cxx;c++;cppm;ixx;def;odl;idl;hpj;bat;asm;asmx</Extensions>
    </Filter>
    <Filter Include="Header Files">
      <UniqueIdentifier>{93995380-89BD-4b04-88EB-625FBE52EBFB}</UniqueIdentifier>
      <Extensions>h;hh;hpp;hxx;h++;hm;inl;inc;ipp;xsd</Extensions>
    </Filter>
    <Filter Include="Resource Files">
      <UniqueIdentifier>{67DA6AB6-F800-4c08-8B7A-83BB121AAD01}</UniqueIdentifier>
      <Extensions>rc;ico;cur;bmp;dlg;rc2;rct;bin;rgs;gif;jpg;jpeg;jpe;resx;tiff;tif;png;wav;mfcribbon-ms</Extensions>
    </Filter>
    <Filter Include="Header Files\src">
      <UniqueIdentifier>{e0f0e075-0d88-40fc-b988-88953bc04490}</UniqueIdentifier>
    </Filter>
    <Filter Include="Header Files\src\logger">
      <UniqueIdentifier>{169ff17b-5a05-44e0-9f2f-9518972d346a}</UniqueIdentifier>
    </Filter>
    <Filter Include="Source Files\src">
      <UniqueIdentifier>{d6ee661a-73e9-4ac3-9146-9eb127f29056}</UniqueIdentifier>
    </Filter>
    <Filter Include="Source Files\src\logger">
      <UniqueIdentifier>{a701a128-a17d-43cf-bac2-b5b031a2f35d}</UniqueIdentifier>
    </Filter>
    <Filter Include="Header Files\src\helpers">
      <UniqueIdentifier>{b100209f-59e6-4ab3-a26b-7ceb81282df6}</UniqueIdentifier>
    </Filter>
  </ItemGroup>
  <ItemGroup>
    <ClCompile Include="main.cpp">
      <Filter>Resource Files</Filter>
    </ClCompile>
    <ClCompile Include="App_Window.cpp">
      <Filter>Source Files</Filter>
    </ClCompile>
    <ClCompile Include="App_Renderer.cpp">
      <Filter>Source Files</Filter>
    </ClCompile>
    <ClCompile Include="src\Game.cpp">
      <Filter>Source Files\src</Filter>
    </ClCompile>
    <ClCompile Include="src\logger\Logger.cpp">
      <Filter>Source Files\src\logger</Filter>
    </ClCompile>
    <ClCompile Include="App_Music.cpp">
      <Filter>Source Files</Filter>
    </ClCompile>
    <ClCompile Include="Sound.cpp">
      <Filter>Source Files</Filter>
    </ClCompile>
  </ItemGroup>
  <ItemGroup>
    <ClInclude Include="App_Window.hpp">
      <Filter>Header Files</Filter>
    </ClInclude>
    <ClInclude Include="App_Renderer.hpp">
      <Filter>Header Files</Filter>
    </ClInclude>
    <ClInclude Include="src\Game.hpp">
      <Filter>Header Files\src</Filter>
    </ClInclude>
    <ClInclude Include="src\logger\Logger.hpp">
      <Filter>Header Files\src\logger</Filter>
    </ClInclude>
    <ClInclude Include="src\Texture.hpp">
      <Filter>Header Files\src</Filter>
    </ClInclude>
    <ClInclude Include="src\Sprite.hpp">
      <Filter>Header Files\src</Filter>
    </ClInclude>
    <ClInclude Include="src\Menu.hpp">
      <Filter>Header Files\src</Filter>
    </ClInclude>
    <ClInclude Include="src\Button.hpp">
      <Filter>Header Files\src</Filter>
    </ClInclude>
    <ClInclude Include="App_Music.hpp">
      <Filter>Header Files</Filter>
    </ClInclude>
    <ClInclude Include="src\helpers\StringsHelper.hpp">
      <Filter>Header Files\src\helpers</Filter>
    </ClInclude>
    <ClInclude Include="Sound.hpp">
      <Filter>Header Files</Filter>
    </ClInclude>
    <ClInclude Include="src\Gameplay.hpp">
      <Filter>Header Files\src</Filter>
    </ClInclude>
    <ClInclude Include="App_FpsController.hpp">
      <Filter>Header Files</Filter>
    </ClInclude>
    <ClInclude Include="src\Map.hpp">
      <Filter>Header Files\src</Filter>
    </ClInclude>
    <ClInclude Include="src\helpers\OsHelper.hpp">
      <Filter>Header Files\src\helpers</Filter>
    </ClInclude>
  </ItemGroup>
</Project>