<?xml version="1.0" encoding="utf-8"?>
<Project ToolsVersion="4.0" xmlns="http://schemas.microsoft.com/developer/msbuild/2003">
  <ItemGroup>
    <ClCompile Include="Engine\Audio\AudioEngine.cpp" />
    <ClCompile Include="Engine\Audio\SoundEffect.cpp" />
    <ClCompile Include="Engine\Core\Application.cpp" />
    <ClCompile Include="Engine\Core\Logger\Logger.cpp" />
    <ClCompile Include="Engine\Graphics\AnimatedSprite.cpp" />
    <ClCompile Include="Engine\Graphics\Sprite.cpp" />
    <ClCompile Include="Engine\Graphics\Texture.cpp" />
    <ClCompile Include="Engine\Platform\Window.cpp" />
    <ClCompile Include="Engine\Renderer\Renderer.cpp" />
    <ClCompile Include="Engine\Scene\Scene.cpp" />
    <ClCompile Include="Engine\Scene\SceneManager.cpp" />
    <ClCompile Include="Engine\UI\Button.cpp" />
    <ClCompile Include="Engine\World\TileMap.cpp" />
    <ClCompile Include="Game\LegalCrimeApp.cpp" />
    <ClCompile Include="Game\Scenes\GameplayScene.cpp" />
    <ClCompile Include="Game\Scenes\MainMenuScene.cpp" />
    <ClCompile Include="main.cpp" />
    <ClCompile Include="Engine\Graphics\CharacterSpriteLoader.cpp" />
    <ClCompile Include="Engine\Graphics\CharacterSprite.cpp" />
  </ItemGroup>
  <ItemGroup>
    <ClInclude Include="Engine\Audio\AudioEngine.h" />
    <ClInclude Include="Engine\Audio\IAudioEngine.h" />
    <ClInclude Include="Engine\Audio\SoundEffect.h" />
    <ClInclude Include="Engine\Core\Application.h" />
    <ClInclude Include="Engine\Core\Logger\ILogger.h" />
    <ClInclude Include="Engine\Core\Logger\Logger.h" />
    <ClInclude Include="Engine\Core\Types.h" />
    <ClInclude Include="Engine\Graphics\AnimatedSprite.h" />
    <ClInclude Include="Engine\Graphics\Sprite.h" />
    <ClInclude Include="Engine\Graphics\Texture.h" />
    <ClInclude Include="Engine\Platform\IWindow.h" />
    <ClInclude Include="Engine\Platform\Window.h" />
    <ClInclude Include="Engine\Renderer\IRenderer.h" />
    <ClInclude Include="Engine\Renderer\Renderer.h" />
    <ClInclude Include="Engine\Scene\IScene.h" />
    <ClInclude Include="Engine\Scene\Scene.h" />
    <ClInclude Include="Engine\Scene\SceneManager.h" />
    <ClInclude Include="Engine\UI\Button.h" />
    <ClInclude Include="Engine\World\SimpleTest.h" />
    <ClInclude Include="Engine\World\TileMap.h" />
    <ClInclude Include="Game\LegalCrimeApp.h" />
    <ClInclude Include="Game\Scenes\MainMenuScene.h" />
    <ClInclude Include="Game\Scenes\GameplayScene.h" />
    <ClInclude Include="src\helpers\OsHelper.hpp" />
    <ClInclude Include="src\helpers\StringsHelper.hpp" />
    <ClInclude Include="Engine\Graphics\CharacterSpriteLoader.h" />
    <ClInclude Include="Engine\Graphics\CharacterSprite.h" />
    <ClInclude Include="Engine\Graphics\CharacterSpriteConfig.h" />
    <ClInclude Include="Game\CharacterConfigs.h" />
  </ItemGroup>
  <ItemGroup>
    <None Include="ADAPTIVE_BOUNDS.md" />
    <None Include="ARCHITECTURE_SUMMARY.md" />
    <None Include="BOUNDS_IMPLEMENTATION.md" />
    <None Include="BUILD_AND_TEST.md" />
    <None Include="BUILD_FIXES_APPLIED.md" />
    <None Include="BUILD_INSTRUCTIONS.md" />
    <None Include="BUILD_SUCCESS_FINAL.md" />
    <None Include="COMPILATION_FIXES.md" />
    <None Include="COMPLETE_LEGACY_INVENTORY.md" />
    <None Include="COMPLETE_MIGRATION_ALL_PHASES.md" />
    <None Include="Engine\World\README.md" />
    <None Include="Engine\World\TILEMAP_TESTS_README.md" />
    <None Include="FIXES_COMPLETE.md" />
    <None Include="LEGACY_MIGRATION_STATUS.md" />
    <None Include="MIGRATION_CHECKLIST.md" />
    <None Include="MIGRATION_COMPLETED.md" />
    <None Include="MIGRATION_COMPLETE_SUMMARY.md" />
    <None Include="MIGRATION_GUIDE_PHASE2.md" />
    <None Include="PHASE2_COMPLETE.md" />
    <None Include="PHASE2_DELETION_SUMMARY.md" />
    <None Include="PHASE3_COMPLETE.md" />
    <None Include="PHASE3_TILEMAP_COMPLETE.md" />
    <None Include="PHASE4_SOUND_COMPLETE.md" />
    <None Include="PHASE5_GAMELOOP_COMPLETE.md" />
    <None Include="QUICK_REFERENCE_SCENES.md" />
    <None Include="REFACTORING_PHASE1_COMPLETE.md" />
    <None Include="run_tests.bat" />
    <None Include="run_tests_simple.ps1" />
    <None Include="run_tilemap_tests.ps1" />
    <None Include="SCENE_MIGRATION_COMPLETE.md" />
    <None Include="TESTING.md" />
    <None Include="Tests\.gitignore" />
    <None Include="update_project.ps1" />
    <None Include="Engine\Graphics\CHARACTER_SPRITE_SYSTEM.md" />
  </ItemGroup>
</Project>